
Microsoft Visual Studio Solution File, Format Version 12.00
# Visual Studio 14
VisualStudioVersion = 14.0.25123.0
MinimumVisualStudioVersion = 10.0.40219.1
Project("{FAE04EC0-301F-11D3-BF4B-00C04F79EFBC}") = "WhenToDig95.Droid", "WhenToDig95\WhenToDig95.Droid\WhenToDig95.Droid.csproj", "{4BB91AA8-9490-4F88-8D0B-A7B5B42449BD}"
EndProject
Project("{FAE04EC0-301F-11D3-BF4B-00C04F79EFBC}") = "WhenToDig95.iOS", "WhenToDig95\WhenToDig95.iOS\WhenToDig95.iOS.csproj", "{47D1358D-D7EA-432B-9118-7976E1E077ED}"
EndProject
Project("{FAE04EC0-301F-11D3-BF4B-00C04F79EFBC}") = "WhenToDig95.WinPhone", "WhenToDig95\WhenToDig95.WinPhone\WhenToDig95.WinPhone.csproj", "{728C37D6-DACD-44BE-B485-81204448E104}"
EndProject
Project("{FAE04EC0-301F-11D3-BF4B-00C04F79EFBC}") = "WhenToDig95.UWP", "WhenToDig95\WhenToDig95.UWP\WhenToDig95.UWP.csproj", "{B16811D3-AC79-4779-B945-FBADDA8F5ADC}"
EndProject
Project("{FAE04EC0-301F-11D3-BF4B-00C04F79EFBC}") = "WhenToDig95.Windows", "WhenToDig95\WhenToDig95.Windows\WhenToDig95.Windows.csproj", "{B9EC135A-E7AC-461C-9914-33D4722145B2}"
EndProject
Project("{FAE04EC0-301F-11D3-BF4B-00C04F79EFBC}") = "WhenToDig95", "WhenToDig95\WhenToDig95\WhenToDig95.csproj", "{98A0DA63-DACF-4946-8C5E-8145D19AAF05}"
EndProject
Global
	GlobalSection(SolutionConfigurationPlatforms) = preSolution
		Ad-Hoc|Any CPU = Ad-Hoc|Any CPU
		Ad-Hoc|ARM = Ad-Hoc|ARM
		Ad-Hoc|iPhone = Ad-Hoc|iPhone
		Ad-Hoc|iPhoneSimulator = Ad-Hoc|iPhoneSimulator
		Ad-Hoc|x64 = Ad-Hoc|x64
		Ad-Hoc|x86 = Ad-Hoc|x86
		AppStore|Any CPU = AppStore|Any CPU
		AppStore|ARM = AppStore|ARM
		AppStore|iPhone = AppStore|iPhone
		AppStore|iPhoneSimulator = AppStore|iPhoneSimulator
		AppStore|x64 = AppStore|x64
		AppStore|x86 = AppStore|x86
		Debug|Any CPU = Debug|Any CPU
		Debug|ARM = Debug|ARM
		Debug|iPhone = Debug|iPhone
		Debug|iPhoneSimulator = Debug|iPhoneSimulator
		Debug|x64 = Debug|x64
		Debug|x86 = Debug|x86
		Release|Any CPU = Release|Any CPU
		Release|ARM = Release|ARM
		Release|iPhone = Release|iPhone
		Release|iPhoneSimulator = Release|iPhoneSimulator
		Release|x64 = Release|x64
		Release|x86 = Release|x86
	EndGlobalSection
	GlobalSection(ProjectConfigurationPlatforms) = postSolution
		{4BB91AA8-9490-4F88-8D0B-A7B5B42449BD}.Ad-Hoc|Any CPU.ActiveCfg = Release|Any CPU
		{4BB91AA8-9490-4F88-8D0B-A7B5B42449BD}.Ad-Hoc|Any CPU.Build.0 = Release|Any CPU
		{4BB91AA8-9490-4F88-8D0B-A7B5B42449BD}.Ad-Hoc|Any CPU.Deploy.0 = Release|Any CPU
		{4BB91AA8-9490-4F88-8D0B-A7B5B42449BD}.Ad-Hoc|ARM.ActiveCfg = Release|Any CPU
		{4BB91AA8-9490-4F88-8D0B-A7B5B42449BD}.Ad-Hoc|ARM.Build.0 = Release|Any CPU
		{4BB91AA8-9490-4F88-8D0B-A7B5B42449BD}.Ad-Hoc|ARM.Deploy.0 = Release|Any CPU
		{4BB91AA8-9490-4F88-8D0B-A7B5B42449BD}.Ad-Hoc|iPhone.ActiveCfg = Release|Any CPU
		{4BB91AA8-9490-4F88-8D0B-A7B5B42449BD}.Ad-Hoc|iPhone.Build.0 = Release|Any CPU
		{4BB91AA8-9490-4F88-8D0B-A7B5B42449BD}.Ad-Hoc|iPhone.Deploy.0 = Release|Any CPU
		{4BB91AA8-9490-4F88-8D0B-A7B5B42449BD}.Ad-Hoc|iPhoneSimulator.ActiveCfg = Release|Any CPU
		{4BB91AA8-9490-4F88-8D0B-A7B5B42449BD}.Ad-Hoc|iPhoneSimulator.Build.0 = Release|Any CPU
		{4BB91AA8-9490-4F88-8D0B-A7B5B42449BD}.Ad-Hoc|iPhoneSimulator.Deploy.0 = Release|Any CPU
		{4BB91AA8-9490-4F88-8D0B-A7B5B42449BD}.Ad-Hoc|x64.ActiveCfg = Release|Any CPU
		{4BB91AA8-9490-4F88-8D0B-A7B5B42449BD}.Ad-Hoc|x64.Build.0 = Release|Any CPU
		{4BB91AA8-9490-4F88-8D0B-A7B5B42449BD}.Ad-Hoc|x64.Deploy.0 = Release|Any CPU
		{4BB91AA8-9490-4F88-8D0B-A7B5B42449BD}.Ad-Hoc|x86.ActiveCfg = Release|Any CPU
		{4BB91AA8-9490-4F88-8D0B-A7B5B42449BD}.Ad-Hoc|x86.Build.0 = Release|Any CPU
		{4BB91AA8-9490-4F88-8D0B-A7B5B42449BD}.Ad-Hoc|x86.Deploy.0 = Release|Any CPU
		{4BB91AA8-9490-4F88-8D0B-A7B5B42449BD}.AppStore|Any CPU.ActiveCfg = Release|Any CPU
		{4BB91AA8-9490-4F88-8D0B-A7B5B42449BD}.AppStore|Any CPU.Build.0 = Release|Any CPU
		{4BB91AA8-9490-4F88-8D0B-A7B5B42449BD}.AppStore|Any CPU.Deploy.0 = Release|Any CPU
		{4BB91AA8-9490-4F88-8D0B-A7B5B42449BD}.AppStore|ARM.ActiveCfg = Release|Any CPU
		{4BB91AA8-9490-4F88-8D0B-A7B5B42449BD}.AppStore|ARM.Build.0 = Release|Any CPU
		{4BB91AA8-9490-4F88-8D0B-A7B5B42449BD}.AppStore|ARM.Deploy.0 = Release|Any CPU
		{4BB91AA8-9490-4F88-8D0B-A7B5B42449BD}.AppStore|iPhone.ActiveCfg = Release|Any CPU
		{4BB91AA8-9490-4F88-8D0B-A7B5B42449BD}.AppStore|iPhone.Build.0 = Release|Any CPU
		{4BB91AA8-9490-4F88-8D0B-A7B5B42449BD}.AppStore|iPhone.Deploy.0 = Release|Any CPU
		{4BB91AA8-9490-4F88-8D0B-A7B5B42449BD}.AppStore|iPhoneSimulator.ActiveCfg = Release|Any CPU
		{4BB91AA8-9490-4F88-8D0B-A7B5B42449BD}.AppStore|iPhoneSimulator.Build.0 = Release|Any CPU
		{4BB91AA8-9490-4F88-8D0B-A7B5B42449BD}.AppStore|iPhoneSimulator.Deploy.0 = Release|Any CPU
		{4BB91AA8-9490-4F88-8D0B-A7B5B42449BD}.AppStore|x64.ActiveCfg = Release|Any CPU
		{4BB91AA8-9490-4F88-8D0B-A7B5B42449BD}.AppStore|x64.Build.0 = Release|Any CPU
		{4BB91AA8-9490-4F88-8D0B-A7B5B42449BD}.AppStore|x64.Deploy.0 = Release|Any CPU
		{4BB91AA8-9490-4F88-8D0B-A7B5B42449BD}.AppStore|x86.ActiveCfg = Release|Any CPU
		{4BB91AA8-9490-4F88-8D0B-A7B5B42449BD}.AppStore|x86.Build.0 = Release|Any CPU
		{4BB91AA8-9490-4F88-8D0B-A7B5B42449BD}.AppStore|x86.Deploy.0 = Release|Any CPU
		{4BB91AA8-9490-4F88-8D0B-A7B5B42449BD}.Debug|Any CPU.ActiveCfg = Debug|Any CPU
		{4BB91AA8-9490-4F88-8D0B-A7B5B42449BD}.Debug|Any CPU.Build.0 = Debug|Any CPU
		{4BB91AA8-9490-4F88-8D0B-A7B5B42449BD}.Debug|Any CPU.Deploy.0 = Debug|Any CPU
		{4BB91AA8-9490-4F88-8D0B-A7B5B42449BD}.Debug|ARM.ActiveCfg = Debug|Any CPU
		{4BB91AA8-9490-4F88-8D0B-A7B5B42449BD}.Debug|ARM.Build.0 = Debug|Any CPU
		{4BB91AA8-9490-4F88-8D0B-A7B5B42449BD}.Debug|ARM.Deploy.0 = Debug|Any CPU
		{4BB91AA8-9490-4F88-8D0B-A7B5B42449BD}.Debug|iPhone.ActiveCfg = Debug|Any CPU
		{4BB91AA8-9490-4F88-8D0B-A7B5B42449BD}.Debug|iPhone.Build.0 = Debug|Any CPU
		{4BB91AA8-9490-4F88-8D0B-A7B5B42449BD}.Debug|iPhone.Deploy.0 = Debug|Any CPU
		{4BB91AA8-9490-4F88-8D0B-A7B5B42449BD}.Debug|iPhoneSimulator.ActiveCfg = Debug|Any CPU
		{4BB91AA8-9490-4F88-8D0B-A7B5B42449BD}.Debug|iPhoneSimulator.Build.0 = Debug|Any CPU
		{4BB91AA8-9490-4F88-8D0B-A7B5B42449BD}.Debug|iPhoneSimulator.Deploy.0 = Debug|Any CPU
		{4BB91AA8-9490-4F88-8D0B-A7B5B42449BD}.Debug|x64.ActiveCfg = Debug|Any CPU
		{4BB91AA8-9490-4F88-8D0B-A7B5B42449BD}.Debug|x64.Build.0 = Debug|Any CPU
		{4BB91AA8-9490-4F88-8D0B-A7B5B42449BD}.Debug|x64.Deploy.0 = Debug|Any CPU
		{4BB91AA8-9490-4F88-8D0B-A7B5B42449BD}.Debug|x86.ActiveCfg = Debug|Any CPU
		{4BB91AA8-9490-4F88-8D0B-A7B5B42449BD}.Debug|x86.Build.0 = Debug|Any CPU
		{4BB91AA8-9490-4F88-8D0B-A7B5B42449BD}.Debug|x86.Deploy.0 = Debug|Any CPU
		{4BB91AA8-9490-4F88-8D0B-A7B5B42449BD}.Release|Any CPU.ActiveCfg = Release|Any CPU
		{4BB91AA8-9490-4F88-8D0B-A7B5B42449BD}.Release|Any CPU.Build.0 = Release|Any CPU
		{4BB91AA8-9490-4F88-8D0B-A7B5B42449BD}.Release|Any CPU.Deploy.0 = Release|Any CPU
		{4BB91AA8-9490-4F88-8D0B-A7B5B42449BD}.Release|ARM.ActiveCfg = Release|Any CPU
		{4BB91AA8-9490-4F88-8D0B-A7B5B42449BD}.Release|ARM.Build.0 = Release|Any CPU
		{4BB91AA8-9490-4F88-8D0B-A7B5B42449BD}.Release|ARM.Deploy.0 = Release|Any CPU
		{4BB91AA8-9490-4F88-8D0B-A7B5B42449BD}.Release|iPhone.ActiveCfg = Release|Any CPU
		{4BB91AA8-9490-4F88-8D0B-A7B5B42449BD}.Release|iPhone.Build.0 = Release|Any CPU
		{4BB91AA8-9490-4F88-8D0B-A7B5B42449BD}.Release|iPhone.Deploy.0 = Release|Any CPU
		{4BB91AA8-9490-4F88-8D0B-A7B5B42449BD}.Release|iPhoneSimulator.ActiveCfg = Release|Any CPU
		{4BB91AA8-9490-4F88-8D0B-A7B5B42449BD}.Release|iPhoneSimulator.Build.0 = Release|Any CPU
		{4BB91AA8-9490-4F88-8D0B-A7B5B42449BD}.Release|iPhoneSimulator.Deploy.0 = Release|Any CPU
		{4BB91AA8-9490-4F88-8D0B-A7B5B42449BD}.Release|x64.ActiveCfg = Release|Any CPU
		{4BB91AA8-9490-4F88-8D0B-A7B5B42449BD}.Release|x64.Build.0 = Release|Any CPU
		{4BB91AA8-9490-4F88-8D0B-A7B5B42449BD}.Release|x64.Deploy.0 = Release|Any CPU
		{4BB91AA8-9490-4F88-8D0B-A7B5B42449BD}.Release|x86.ActiveCfg = Release|Any CPU
		{4BB91AA8-9490-4F88-8D0B-A7B5B42449BD}.Release|x86.Build.0 = Release|Any CPU
		{4BB91AA8-9490-4F88-8D0B-A7B5B42449BD}.Release|x86.Deploy.0 = Release|Any CPU
		{47D1358D-D7EA-432B-9118-7976E1E077ED}.Ad-Hoc|Any CPU.ActiveCfg = Ad-Hoc|iPhone
		{47D1358D-D7EA-432B-9118-7976E1E077ED}.Ad-Hoc|ARM.ActiveCfg = Ad-Hoc|iPhone
		{47D1358D-D7EA-432B-9118-7976E1E077ED}.Ad-Hoc|iPhone.ActiveCfg = Ad-Hoc|iPhone
		{47D1358D-D7EA-432B-9118-7976E1E077ED}.Ad-Hoc|iPhone.Build.0 = Ad-Hoc|iPhone
		{47D1358D-D7EA-432B-9118-7976E1E077ED}.Ad-Hoc|iPhoneSimulator.ActiveCfg = Ad-Hoc|iPhoneSimulator
		{47D1358D-D7EA-432B-9118-7976E1E077ED}.Ad-Hoc|iPhoneSimulator.Build.0 = Ad-Hoc|iPhoneSimulator
		{47D1358D-D7EA-432B-9118-7976E1E077ED}.Ad-Hoc|x64.ActiveCfg = Ad-Hoc|iPhone
		{47D1358D-D7EA-432B-9118-7976E1E077ED}.Ad-Hoc|x86.ActiveCfg = Ad-Hoc|iPhone
		{47D1358D-D7EA-432B-9118-7976E1E077ED}.AppStore|Any CPU.ActiveCfg = AppStore|iPhone
		{47D1358D-D7EA-432B-9118-7976E1E077ED}.AppStore|ARM.ActiveCfg = AppStore|iPhone
		{47D1358D-D7EA-432B-9118-7976E1E077ED}.AppStore|iPhone.ActiveCfg = AppStore|iPhone
		{47D1358D-D7EA-432B-9118-7976E1E077ED}.AppStore|iPhone.Build.0 = AppStore|iPhone
		{47D1358D-D7EA-432B-9118-7976E1E077ED}.AppStore|iPhoneSimulator.ActiveCfg = AppStore|iPhoneSimulator
		{47D1358D-D7EA-432B-9118-7976E1E077ED}.AppStore|iPhoneSimulator.Build.0 = AppStore|iPhoneSimulator
		{47D1358D-D7EA-432B-9118-7976E1E077ED}.AppStore|x64.ActiveCfg = AppStore|iPhone
		{47D1358D-D7EA-432B-9118-7976E1E077ED}.AppStore|x86.ActiveCfg = AppStore|iPhone
		{47D1358D-D7EA-432B-9118-7976E1E077ED}.Debug|Any CPU.ActiveCfg = Debug|iPhone
		{47D1358D-D7EA-432B-9118-7976E1E077ED}.Debug|ARM.ActiveCfg = Debug|iPhone
		{47D1358D-D7EA-432B-9118-7976E1E077ED}.Debug|iPhone.ActiveCfg = Debug|iPhone
		{47D1358D-D7EA-432B-9118-7976E1E077ED}.Debug|iPhone.Build.0 = Debug|iPhone
		{47D1358D-D7EA-432B-9118-7976E1E077ED}.Debug|iPhoneSimulator.ActiveCfg = Debug|iPhoneSimulator
		{47D1358D-D7EA-432B-9118-7976E1E077ED}.Debug|iPhoneSimulator.Build.0 = Debug|iPhoneSimulator
		{47D1358D-D7EA-432B-9118-7976E1E077ED}.Debug|x64.ActiveCfg = Debug|iPhone
		{47D1358D-D7EA-432B-9118-7976E1E077ED}.Debug|x86.ActiveCfg = Debug|iPhone
		{47D1358D-D7EA-432B-9118-7976E1E077ED}.Release|Any CPU.ActiveCfg = Release|iPhone
		{47D1358D-D7EA-432B-9118-7976E1E077ED}.Release|ARM.ActiveCfg = Release|iPhone
		{47D1358D-D7EA-432B-9118-7976E1E077ED}.Release|iPhone.ActiveCfg = Release|iPhone
		{47D1358D-D7EA-432B-9118-7976E1E077ED}.Release|iPhone.Build.0 = Release|iPhone
		{47D1358D-D7EA-432B-9118-7976E1E077ED}.Release|iPhoneSimulator.ActiveCfg = Release|iPhoneSimulator
		{47D1358D-D7EA-432B-9118-7976E1E077ED}.Release|iPhoneSimulator.Build.0 = Release|iPhoneSimulator
		{47D1358D-D7EA-432B-9118-7976E1E077ED}.Release|x64.ActiveCfg = Release|iPhone
		{47D1358D-D7EA-432B-9118-7976E1E077ED}.Release|x86.ActiveCfg = Release|iPhone
		{728C37D6-DACD-44BE-B485-81204448E104}.Ad-Hoc|Any CPU.ActiveCfg = Release|Any CPU
		{728C37D6-DACD-44BE-B485-81204448E104}.Ad-Hoc|Any CPU.Build.0 = Release|Any CPU
		{728C37D6-DACD-44BE-B485-81204448E104}.Ad-Hoc|Any CPU.Deploy.0 = Release|Any CPU
		{728C37D6-DACD-44BE-B485-81204448E104}.Ad-Hoc|ARM.ActiveCfg = Release|ARM
		{728C37D6-DACD-44BE-B485-81204448E104}.Ad-Hoc|ARM.Build.0 = Release|ARM
		{728C37D6-DACD-44BE-B485-81204448E104}.Ad-Hoc|ARM.Deploy.0 = Release|ARM
		{728C37D6-DACD-44BE-B485-81204448E104}.Ad-Hoc|iPhone.ActiveCfg = Release|Any CPU
		{728C37D6-DACD-44BE-B485-81204448E104}.Ad-Hoc|iPhone.Build.0 = Release|Any CPU
		{728C37D6-DACD-44BE-B485-81204448E104}.Ad-Hoc|iPhone.Deploy.0 = Release|Any CPU
		{728C37D6-DACD-44BE-B485-81204448E104}.Ad-Hoc|iPhoneSimulator.ActiveCfg = Release|Any CPU
		{728C37D6-DACD-44BE-B485-81204448E104}.Ad-Hoc|iPhoneSimulator.Build.0 = Release|Any CPU
		{728C37D6-DACD-44BE-B485-81204448E104}.Ad-Hoc|iPhoneSimulator.Deploy.0 = Release|Any CPU
		{728C37D6-DACD-44BE-B485-81204448E104}.Ad-Hoc|x64.ActiveCfg = Release|Any CPU
		{728C37D6-DACD-44BE-B485-81204448E104}.Ad-Hoc|x64.Build.0 = Release|Any CPU
		{728C37D6-DACD-44BE-B485-81204448E104}.Ad-Hoc|x64.Deploy.0 = Release|Any CPU
		{728C37D6-DACD-44BE-B485-81204448E104}.Ad-Hoc|x86.ActiveCfg = Release|x86
		{728C37D6-DACD-44BE-B485-81204448E104}.Ad-Hoc|x86.Build.0 = Release|x86
		{728C37D6-DACD-44BE-B485-81204448E104}.Ad-Hoc|x86.Deploy.0 = Release|x86
		{728C37D6-DACD-44BE-B485-81204448E104}.AppStore|Any CPU.ActiveCfg = Release|Any CPU
		{728C37D6-DACD-44BE-B485-81204448E104}.AppStore|Any CPU.Build.0 = Release|Any CPU
		{728C37D6-DACD-44BE-B485-81204448E104}.AppStore|Any CPU.Deploy.0 = Release|Any CPU
		{728C37D6-DACD-44BE-B485-81204448E104}.AppStore|ARM.ActiveCfg = Release|ARM
		{728C37D6-DACD-44BE-B485-81204448E104}.AppStore|ARM.Build.0 = Release|ARM
		{728C37D6-DACD-44BE-B485-81204448E104}.AppStore|ARM.Deploy.0 = Release|ARM
		{728C37D6-DACD-44BE-B485-81204448E104}.AppStore|iPhone.ActiveCfg = Release|Any CPU
		{728C37D6-DACD-44BE-B485-81204448E104}.AppStore|iPhone.Build.0 = Release|Any CPU
		{728C37D6-DACD-44BE-B485-81204448E104}.AppStore|iPhone.Deploy.0 = Release|Any CPU
		{728C37D6-DACD-44BE-B485-81204448E104}.AppStore|iPhoneSimulator.ActiveCfg = Release|Any CPU
		{728C37D6-DACD-44BE-B485-81204448E104}.AppStore|iPhoneSimulator.Build.0 = Release|Any CPU
		{728C37D6-DACD-44BE-B485-81204448E104}.AppStore|iPhoneSimulator.Deploy.0 = Release|Any CPU
		{728C37D6-DACD-44BE-B485-81204448E104}.AppStore|x64.ActiveCfg = Release|Any CPU
		{728C37D6-DACD-44BE-B485-81204448E104}.AppStore|x64.Build.0 = Release|Any CPU
		{728C37D6-DACD-44BE-B485-81204448E104}.AppStore|x64.Deploy.0 = Release|Any CPU
		{728C37D6-DACD-44BE-B485-81204448E104}.AppStore|x86.ActiveCfg = Release|x86
		{728C37D6-DACD-44BE-B485-81204448E104}.AppStore|x86.Build.0 = Release|x86
		{728C37D6-DACD-44BE-B485-81204448E104}.AppStore|x86.Deploy.0 = Release|x86
		{728C37D6-DACD-44BE-B485-81204448E104}.Debug|Any CPU.ActiveCfg = Debug|Any CPU
		{728C37D6-DACD-44BE-B485-81204448E104}.Debug|Any CPU.Build.0 = Debug|Any CPU
		{728C37D6-DACD-44BE-B485-81204448E104}.Debug|Any CPU.Deploy.0 = Debug|Any CPU
		{728C37D6-DACD-44BE-B485-81204448E104}.Debug|ARM.ActiveCfg = Debug|ARM
		{728C37D6-DACD-44BE-B485-81204448E104}.Debug|ARM.Build.0 = Debug|ARM
		{728C37D6-DACD-44BE-B485-81204448E104}.Debug|ARM.Deploy.0 = Debug|ARM
		{728C37D6-DACD-44BE-B485-81204448E104}.Debug|iPhone.ActiveCfg = Debug|Any CPU
		{728C37D6-DACD-44BE-B485-81204448E104}.Debug|iPhone.Build.0 = Debug|Any CPU
		{728C37D6-DACD-44BE-B485-81204448E104}.Debug|iPhone.Deploy.0 = Debug|Any CPU
		{728C37D6-DACD-44BE-B485-81204448E104}.Debug|iPhoneSimulator.ActiveCfg = Debug|Any CPU
		{728C37D6-DACD-44BE-B485-81204448E104}.Debug|iPhoneSimulator.Build.0 = Debug|Any CPU
		{728C37D6-DACD-44BE-B485-81204448E104}.Debug|iPhoneSimulator.Deploy.0 = Debug|Any CPU
		{728C37D6-DACD-44BE-B485-81204448E104}.Debug|x64.ActiveCfg = Debug|Any CPU
		{728C37D6-DACD-44BE-B485-81204448E104}.Debug|x64.Build.0 = Debug|Any CPU
		{728C37D6-DACD-44BE-B485-81204448E104}.Debug|x64.Deploy.0 = Debug|Any CPU
		{728C37D6-DACD-44BE-B485-81204448E104}.Debug|x86.ActiveCfg = Debug|x86
		{728C37D6-DACD-44BE-B485-81204448E104}.Debug|x86.Build.0 = Debug|x86
		{728C37D6-DACD-44BE-B485-81204448E104}.Debug|x86.Deploy.0 = Debug|x86
		{728C37D6-DACD-44BE-B485-81204448E104}.Release|Any CPU.ActiveCfg = Release|Any CPU
		{728C37D6-DACD-44BE-B485-81204448E104}.Release|Any CPU.Build.0 = Release|Any CPU
		{728C37D6-DACD-44BE-B485-81204448E104}.Release|Any CPU.Deploy.0 = Release|Any CPU
		{728C37D6-DACD-44BE-B485-81204448E104}.Release|ARM.ActiveCfg = Release|ARM
		{728C37D6-DACD-44BE-B485-81204448E104}.Release|ARM.Build.0 = Release|ARM
		{728C37D6-DACD-44BE-B485-81204448E104}.Release|ARM.Deploy.0 = Release|ARM
		{728C37D6-DACD-44BE-B485-81204448E104}.Release|iPhone.ActiveCfg = Release|Any CPU
		{728C37D6-DACD-44BE-B485-81204448E104}.Release|iPhone.Build.0 = Release|Any CPU
		{728C37D6-DACD-44BE-B485-81204448E104}.Release|iPhone.Deploy.0 = Release|Any CPU
		{728C37D6-DACD-44BE-B485-81204448E104}.Release|iPhoneSimulator.ActiveCfg = Release|Any CPU
		{728C37D6-DACD-44BE-B485-81204448E104}.Release|iPhoneSimulator.Build.0 = Release|Any CPU
		{728C37D6-DACD-44BE-B485-81204448E104}.Release|iPhoneSimulator.Deploy.0 = Release|Any CPU
		{728C37D6-DACD-44BE-B485-81204448E104}.Release|x64.ActiveCfg = Release|Any CPU
		{728C37D6-DACD-44BE-B485-81204448E104}.Release|x64.Build.0 = Release|Any CPU
		{728C37D6-DACD-44BE-B485-81204448E104}.Release|x64.Deploy.0 = Release|Any CPU
		{728C37D6-DACD-44BE-B485-81204448E104}.Release|x86.ActiveCfg = Release|x86
		{728C37D6-DACD-44BE-B485-81204448E104}.Release|x86.Build.0 = Release|x86
		{728C37D6-DACD-44BE-B485-81204448E104}.Release|x86.Deploy.0 = Release|x86
		{B16811D3-AC79-4779-B945-FBADDA8F5ADC}.Ad-Hoc|Any CPU.ActiveCfg = Release|x86
		{B16811D3-AC79-4779-B945-FBADDA8F5ADC}.Ad-Hoc|Any CPU.Build.0 = Release|x86
		{B16811D3-AC79-4779-B945-FBADDA8F5ADC}.Ad-Hoc|Any CPU.Deploy.0 = Release|x86
		{B16811D3-AC79-4779-B945-FBADDA8F5ADC}.Ad-Hoc|ARM.ActiveCfg = Release|ARM
		{B16811D3-AC79-4779-B945-FBADDA8F5ADC}.Ad-Hoc|ARM.Build.0 = Release|ARM
		{B16811D3-AC79-4779-B945-FBADDA8F5ADC}.Ad-Hoc|ARM.Deploy.0 = Release|ARM
		{B16811D3-AC79-4779-B945-FBADDA8F5ADC}.Ad-Hoc|iPhone.ActiveCfg = Release|x86
		{B16811D3-AC79-4779-B945-FBADDA8F5ADC}.Ad-Hoc|iPhone.Build.0 = Release|x86
		{B16811D3-AC79-4779-B945-FBADDA8F5ADC}.Ad-Hoc|iPhone.Deploy.0 = Release|x86
		{B16811D3-AC79-4779-B945-FBADDA8F5ADC}.Ad-Hoc|iPhoneSimulator.ActiveCfg = Release|x86
		{B16811D3-AC79-4779-B945-FBADDA8F5ADC}.Ad-Hoc|iPhoneSimulator.Build.0 = Release|x86
		{B16811D3-AC79-4779-B945-FBADDA8F5ADC}.Ad-Hoc|iPhoneSimulator.Deploy.0 = Release|x86
		{B16811D3-AC79-4779-B945-FBADDA8F5ADC}.Ad-Hoc|x64.ActiveCfg = Release|x64
		{B16811D3-AC79-4779-B945-FBADDA8F5ADC}.Ad-Hoc|x64.Build.0 = Release|x64
		{B16811D3-AC79-4779-B945-FBADDA8F5ADC}.Ad-Hoc|x64.Deploy.0 = Release|x64
		{B16811D3-AC79-4779-B945-FBADDA8F5ADC}.Ad-Hoc|x86.ActiveCfg = Release|x86
		{B16811D3-AC79-4779-B945-FBADDA8F5ADC}.Ad-Hoc|x86.Build.0 = Release|x86
		{B16811D3-AC79-4779-B945-FBADDA8F5ADC}.Ad-Hoc|x86.Deploy.0 = Release|x86
		{B16811D3-AC79-4779-B945-FBADDA8F5ADC}.AppStore|Any CPU.ActiveCfg = Release|x86
		{B16811D3-AC79-4779-B945-FBADDA8F5ADC}.AppStore|Any CPU.Build.0 = Release|x86
		{B16811D3-AC79-4779-B945-FBADDA8F5ADC}.AppStore|Any CPU.Deploy.0 = Release|x86
		{B16811D3-AC79-4779-B945-FBADDA8F5ADC}.AppStore|ARM.ActiveCfg = Release|ARM
		{B16811D3-AC79-4779-B945-FBADDA8F5ADC}.AppStore|ARM.Build.0 = Release|ARM
		{B16811D3-AC79-4779-B945-FBADDA8F5ADC}.AppStore|ARM.Deploy.0 = Release|ARM
		{B16811D3-AC79-4779-B945-FBADDA8F5ADC}.AppStore|iPhone.ActiveCfg = Release|x86
		{B16811D3-AC79-4779-B945-FBADDA8F5ADC}.AppStore|iPhone.Build.0 = Release|x86
		{B16811D3-AC79-4779-B945-FBADDA8F5ADC}.AppStore|iPhone.Deploy.0 = Release|x86
		{B16811D3-AC79-4779-B945-FBADDA8F5ADC}.AppStore|iPhoneSimulator.ActiveCfg = Release|x86
		{B16811D3-AC79-4779-B945-FBADDA8F5ADC}.AppStore|iPhoneSimulator.Build.0 = Release|x86
		{B16811D3-AC79-4779-B945-FBADDA8F5ADC}.AppStore|iPhoneSimulator.Deploy.0 = Release|x86
		{B16811D3-AC79-4779-B945-FBADDA8F5ADC}.AppStore|x64.ActiveCfg = Release|x64
		{B16811D3-AC79-4779-B945-FBADDA8F5ADC}.AppStore|x64.Build.0 = Release|x64
		{B16811D3-AC79-4779-B945-FBADDA8F5ADC}.AppStore|x64.Deploy.0 = Release|x64
		{B16811D3-AC79-4779-B945-FBADDA8F5ADC}.AppStore|x86.ActiveCfg = Release|x86
		{B16811D3-AC79-4779-B945-FBADDA8F5ADC}.AppStore|x86.Build.0 = Release|x86
		{B16811D3-AC79-4779-B945-FBADDA8F5ADC}.AppStore|x86.Deploy.0 = Release|x86
		{B16811D3-AC79-4779-B945-FBADDA8F5ADC}.Debug|Any CPU.ActiveCfg = Debug|x86
		{B16811D3-AC79-4779-B945-FBADDA8F5ADC}.Debug|ARM.ActiveCfg = Debug|ARM
		{B16811D3-AC79-4779-B945-FBADDA8F5ADC}.Debug|ARM.Build.0 = Debug|ARM
		{B16811D3-AC79-4779-B945-FBADDA8F5ADC}.Debug|ARM.Deploy.0 = Debug|ARM
		{B16811D3-AC79-4779-B945-FBADDA8F5ADC}.Debug|iPhone.ActiveCfg = Debug|x86
		{B16811D3-AC79-4779-B945-FBADDA8F5ADC}.Debug|iPhoneSimulator.ActiveCfg = Debug|x86
		{B16811D3-AC79-4779-B945-FBADDA8F5ADC}.Debug|x64.ActiveCfg = Debug|x64
		{B16811D3-AC79-4779-B945-FBADDA8F5ADC}.Debug|x64.Build.0 = Debug|x64
		{B16811D3-AC79-4779-B945-FBADDA8F5ADC}.Debug|x64.Deploy.0 = Debug|x64
		{B16811D3-AC79-4779-B945-FBADDA8F5ADC}.Debug|x86.ActiveCfg = Debug|x86
		{B16811D3-AC79-4779-B945-FBADDA8F5ADC}.Debug|x86.Build.0 = Debug|x86
		{B16811D3-AC79-4779-B945-FBADDA8F5ADC}.Debug|x86.Deploy.0 = Debug|x86
		{B16811D3-AC79-4779-B945-FBADDA8F5ADC}.Release|Any CPU.ActiveCfg = Release|x86
		{B16811D3-AC79-4779-B945-FBADDA8F5ADC}.Release|ARM.ActiveCfg = Release|ARM
		{B16811D3-AC79-4779-B945-FBADDA8F5ADC}.Release|ARM.Build.0 = Release|ARM
		{B16811D3-AC79-4779-B945-FBADDA8F5ADC}.Release|ARM.Deploy.0 = Release|ARM
		{B16811D3-AC79-4779-B945-FBADDA8F5ADC}.Release|iPhone.ActiveCfg = Release|x86
		{B16811D3-AC79-4779-B945-FBADDA8F5ADC}.Release|iPhoneSimulator.ActiveCfg = Release|x86
		{B16811D3-AC79-4779-B945-FBADDA8F5ADC}.Release|x64.ActiveCfg = Release|x64
		{B16811D3-AC79-4779-B945-FBADDA8F5ADC}.Release|x64.Build.0 = Release|x64
		{B16811D3-AC79-4779-B945-FBADDA8F5ADC}.Release|x64.Deploy.0 = Release|x64
		{B16811D3-AC79-4779-B945-FBADDA8F5ADC}.Release|x86.ActiveCfg = Release|x86
		{B16811D3-AC79-4779-B945-FBADDA8F5ADC}.Release|x86.Build.0 = Release|x86
		{B16811D3-AC79-4779-B945-FBADDA8F5ADC}.Release|x86.Deploy.0 = Release|x86
		{B9EC135A-E7AC-461C-9914-33D4722145B2}.Ad-Hoc|Any CPU.ActiveCfg = Release|Any CPU
		{B9EC135A-E7AC-461C-9914-33D4722145B2}.Ad-Hoc|Any CPU.Build.0 = Release|Any CPU
		{B9EC135A-E7AC-461C-9914-33D4722145B2}.Ad-Hoc|Any CPU.Deploy.0 = Release|Any CPU
		{B9EC135A-E7AC-461C-9914-33D4722145B2}.Ad-Hoc|ARM.ActiveCfg = Release|ARM
		{B9EC135A-E7AC-461C-9914-33D4722145B2}.Ad-Hoc|ARM.Build.0 = Release|ARM
		{B9EC135A-E7AC-461C-9914-33D4722145B2}.Ad-Hoc|ARM.Deploy.0 = Release|ARM
		{B9EC135A-E7AC-461C-9914-33D4722145B2}.Ad-Hoc|iPhone.ActiveCfg = Release|Any CPU
		{B9EC135A-E7AC-461C-9914-33D4722145B2}.Ad-Hoc|iPhone.Build.0 = Release|Any CPU
		{B9EC135A-E7AC-461C-9914-33D4722145B2}.Ad-Hoc|iPhone.Deploy.0 = Release|Any CPU
		{B9EC135A-E7AC-461C-9914-33D4722145B2}.Ad-Hoc|iPhoneSimulator.ActiveCfg = Release|Any CPU
		{B9EC135A-E7AC-461C-9914-33D4722145B2}.Ad-Hoc|iPhoneSimulator.Build.0 = Release|Any CPU
		{B9EC135A-E7AC-461C-9914-33D4722145B2}.Ad-Hoc|iPhoneSimulator.Deploy.0 = Release|Any CPU
		{B9EC135A-E7AC-461C-9914-33D4722145B2}.Ad-Hoc|x64.ActiveCfg = Release|x64
		{B9EC135A-E7AC-461C-9914-33D4722145B2}.Ad-Hoc|x64.Build.0 = Release|x64
		{B9EC135A-E7AC-461C-9914-33D4722145B2}.Ad-Hoc|x64.Deploy.0 = Release|x64
		{B9EC135A-E7AC-461C-9914-33D4722145B2}.Ad-Hoc|x86.ActiveCfg = Release|x86
		{B9EC135A-E7AC-461C-9914-33D4722145B2}.Ad-Hoc|x86.Build.0 = Release|x86
		{B9EC135A-E7AC-461C-9914-33D4722145B2}.Ad-Hoc|x86.Deploy.0 = Release|x86
		{B9EC135A-E7AC-461C-9914-33D4722145B2}.AppStore|Any CPU.ActiveCfg = Release|Any CPU
		{B9EC135A-E7AC-461C-9914-33D4722145B2}.AppStore|Any CPU.Build.0 = Release|Any CPU
		{B9EC135A-E7AC-461C-9914-33D4722145B2}.AppStore|Any CPU.Deploy.0 = Release|Any CPU
		{B9EC135A-E7AC-461C-9914-33D4722145B2}.AppStore|ARM.ActiveCfg = Release|ARM
		{B9EC135A-E7AC-461C-9914-33D4722145B2}.AppStore|ARM.Build.0 = Release|ARM
		{B9EC135A-E7AC-461C-9914-33D4722145B2}.AppStore|ARM.Deploy.0 = Release|ARM
		{B9EC135A-E7AC-461C-9914-33D4722145B2}.AppStore|iPhone.ActiveCfg = Release|Any CPU
		{B9EC135A-E7AC-461C-9914-33D4722145B2}.AppStore|iPhone.Build.0 = Release|Any CPU
		{B9EC135A-E7AC-461C-9914-33D4722145B2}.AppStore|iPhone.Deploy.0 = Release|Any CPU
		{B9EC135A-E7AC-461C-9914-33D4722145B2}.AppStore|iPhoneSimulator.ActiveCfg = Release|Any CPU
		{B9EC135A-E7AC-461C-9914-33D4722145B2}.AppStore|iPhoneSimulator.Build.0 = Release|Any CPU
		{B9EC135A-E7AC-461C-9914-33D4722145B2}.AppStore|iPhoneSimulator.Deploy.0 = Release|Any CPU
		{B9EC135A-E7AC-461C-9914-33D4722145B2}.AppStore|x64.ActiveCfg = Release|x64
		{B9EC135A-E7AC-461C-9914-33D4722145B2}.AppStore|x64.Build.0 = Release|x64
		{B9EC135A-E7AC-461C-9914-33D4722145B2}.AppStore|x64.Deploy.0 = Release|x64
		{B9EC135A-E7AC-461C-9914-33D4722145B2}.AppStore|x86.ActiveCfg = Release|x86
		{B9EC135A-E7AC-461C-9914-33D4722145B2}.AppStore|x86.Build.0 = Release|x86
		{B9EC135A-E7AC-461C-9914-33D4722145B2}.AppStore|x86.Deploy.0 = Release|x86
		{B9EC135A-E7AC-461C-9914-33D4722145B2}.Debug|Any CPU.ActiveCfg = Debug|Any CPU
		{B9EC135A-E7AC-461C-9914-33D4722145B2}.Debug|Any CPU.Build.0 = Debug|Any CPU
		{B9EC135A-E7AC-461C-9914-33D4722145B2}.Debug|Any CPU.Deploy.0 = Debug|Any CPU
		{B9EC135A-E7AC-461C-9914-33D4722145B2}.Debug|ARM.ActiveCfg = Debug|ARM
		{B9EC135A-E7AC-461C-9914-33D4722145B2}.Debug|ARM.Build.0 = Debug|ARM
		{B9EC135A-E7AC-461C-9914-33D4722145B2}.Debug|ARM.Deploy.0 = Debug|ARM
		{B9EC135A-E7AC-461C-9914-33D4722145B2}.Debug|iPhone.ActiveCfg = Debug|Any CPU
		{B9EC135A-E7AC-461C-9914-33D4722145B2}.Debug|iPhone.Build.0 = Debug|Any CPU
		{B9EC135A-E7AC-461C-9914-33D4722145B2}.Debug|iPhone.Deploy.0 = Debug|Any CPU
		{B9EC135A-E7AC-461C-9914-33D4722145B2}.Debug|iPhoneSimulator.ActiveCfg = Debug|Any CPU
		{B9EC135A-E7AC-461C-9914-33D4722145B2}.Debug|iPhoneSimulator.Build.0 = Debug|Any CPU
		{B9EC135A-E7AC-461C-9914-33D4722145B2}.Debug|iPhoneSimulator.Deploy.0 = Debug|Any CPU
		{B9EC135A-E7AC-461C-9914-33D4722145B2}.Debug|x64.ActiveCfg = Debug|x64
		{B9EC135A-E7AC-461C-9914-33D4722145B2}.Debug|x64.Build.0 = Debug|x64
		{B9EC135A-E7AC-461C-9914-33D4722145B2}.Debug|x64.Deploy.0 = Debug|x64
		{B9EC135A-E7AC-461C-9914-33D4722145B2}.Debug|x86.ActiveCfg = Debug|x86
		{B9EC135A-E7AC-461C-9914-33D4722145B2}.Debug|x86.Build.0 = Debug|x86
		{B9EC135A-E7AC-461C-9914-33D4722145B2}.Debug|x86.Deploy.0 = Debug|x86
		{B9EC135A-E7AC-461C-9914-33D4722145B2}.Release|Any CPU.ActiveCfg = Release|Any CPU
		{B9EC135A-E7AC-461C-9914-33D4722145B2}.Release|Any CPU.Build.0 = Release|Any CPU
		{B9EC135A-E7AC-461C-9914-33D4722145B2}.Release|Any CPU.Deploy.0 = Release|Any CPU
		{B9EC135A-E7AC-461C-9914-33D4722145B2}.Release|ARM.ActiveCfg = Release|ARM
		{B9EC135A-E7AC-461C-9914-33D4722145B2}.Release|ARM.Build.0 = Release|ARM
		{B9EC135A-E7AC-461C-9914-33D4722145B2}.Release|ARM.Deploy.0 = Release|ARM
		{B9EC135A-E7AC-461C-9914-33D4722145B2}.Release|iPhone.ActiveCfg = Release|Any CPU
		{B9EC135A-E7AC-461C-9914-33D4722145B2}.Release|iPhone.Build.0 = Release|Any CPU
		{B9EC135A-E7AC-461C-9914-33D4722145B2}.Release|iPhone.Deploy.0 = Release|Any CPU
		{B9EC135A-E7AC-461C-9914-33D4722145B2}.Release|iPhoneSimulator.ActiveCfg = Release|Any CPU
		{B9EC135A-E7AC-461C-9914-33D4722145B2}.Release|iPhoneSimulator.Build.0 = Release|Any CPU
		{B9EC135A-E7AC-461C-9914-33D4722145B2}.Release|iPhoneSimulator.Deploy.0 = Release|Any CPU
		{B9EC135A-E7AC-461C-9914-33D4722145B2}.Release|x64.ActiveCfg = Release|x64
		{B9EC135A-E7AC-461C-9914-33D4722145B2}.Release|x64.Build.0 = Release|x64
		{B9EC135A-E7AC-461C-9914-33D4722145B2}.Release|x64.Deploy.0 = Release|x64
		{B9EC135A-E7AC-461C-9914-33D4722145B2}.Release|x86.ActiveCfg = Release|x86
		{B9EC135A-E7AC-461C-9914-33D4722145B2}.Release|x86.Build.0 = Release|x86
		{B9EC135A-E7AC-461C-9914-33D4722145B2}.Release|x86.Deploy.0 = Release|x86
		{98A0DA63-DACF-4946-8C5E-8145D19AAF05}.Ad-Hoc|Any CPU.ActiveCfg = Release|Any CPU
		{98A0DA63-DACF-4946-8C5E-8145D19AAF05}.Ad-Hoc|Any CPU.Build.0 = Release|Any CPU
		{98A0DA63-DACF-4946-8C5E-8145D19AAF05}.Ad-Hoc|ARM.ActiveCfg = Release|Any CPU
		{98A0DA63-DACF-4946-8C5E-8145D19AAF05}.Ad-Hoc|ARM.Build.0 = Release|Any CPU
		{98A0DA63-DACF-4946-8C5E-8145D19AAF05}.Ad-Hoc|iPhone.ActiveCfg = Release|Any CPU
		{98A0DA63-DACF-4946-8C5E-8145D19AAF05}.Ad-Hoc|iPhone.Build.0 = Release|Any CPU
		{98A0DA63-DACF-4946-8C5E-8145D19AAF05}.Ad-Hoc|iPhoneSimulator.ActiveCfg = Release|Any CPU
		{98A0DA63-DACF-4946-8C5E-8145D19AAF05}.Ad-Hoc|iPhoneSimulator.Build.0 = Release|Any CPU
		{98A0DA63-DACF-4946-8C5E-8145D19AAF05}.Ad-Hoc|x64.ActiveCfg = Release|Any CPU
		{98A0DA63-DACF-4946-8C5E-8145D19AAF05}.Ad-Hoc|x64.Build.0 = Release|Any CPU
		{98A0DA63-DACF-4946-8C5E-8145D19AAF05}.Ad-Hoc|x86.ActiveCfg = Release|Any CPU
		{98A0DA63-DACF-4946-8C5E-8145D19AAF05}.Ad-Hoc|x86.Build.0 = Release|Any CPU
		{98A0DA63-DACF-4946-8C5E-8145D19AAF05}.AppStore|Any CPU.ActiveCfg = Release|Any CPU
		{98A0DA63-DACF-4946-8C5E-8145D19AAF05}.AppStore|Any CPU.Build.0 = Release|Any CPU
		{98A0DA63-DACF-4946-8C5E-8145D19AAF05}.AppStore|ARM.ActiveCfg = Release|Any CPU
		{98A0DA63-DACF-4946-8C5E-8145D19AAF05}.AppStore|ARM.Build.0 = Release|Any CPU
		{98A0DA63-DACF-4946-8C5E-8145D19AAF05}.AppStore|iPhone.ActiveCfg = Release|Any CPU
		{98A0DA63-DACF-4946-8C5E-8145D19AAF05}.AppStore|iPhone.Build.0 = Release|Any CPU
		{98A0DA63-DACF-4946-8C5E-8145D19AAF05}.AppStore|iPhoneSimulator.ActiveCfg = Release|Any CPU
		{98A0DA63-DACF-4946-8C5E-8145D19AAF05}.AppStore|iPhoneSimulator.Build.0 = Release|Any CPU
		{98A0DA63-DACF-4946-8C5E-8145D19AAF05}.AppStore|x64.ActiveCfg = Release|Any CPU
		{98A0DA63-DACF-4946-8C5E-8145D19AAF05}.AppStore|x64.Build.0 = Release|Any CPU
		{98A0DA63-DACF-4946-8C5E-8145D19AAF05}.AppStore|x86.ActiveCfg = Release|Any CPU
		{98A0DA63-DACF-4946-8C5E-8145D19AAF05}.AppStore|x86.Build.0 = Release|Any CPU
		{98A0DA63-DACF-4946-8C5E-8145D19AAF05}.Debug|Any CPU.ActiveCfg = Debug|Any CPU
		{98A0DA63-DACF-4946-8C5E-8145D19AAF05}.Debug|Any CPU.Build.0 = Debug|Any CPU
		{98A0DA63-DACF-4946-8C5E-8145D19AAF05}.Debug|ARM.ActiveCfg = Debug|Any CPU
		{98A0DA63-DACF-4946-8C5E-8145D19AAF05}.Debug|ARM.Build.0 = Debug|Any CPU
		{98A0DA63-DACF-4946-8C5E-8145D19AAF05}.Debug|iPhone.ActiveCfg = Debug|Any CPU
		{98A0DA63-DACF-4946-8C5E-8145D19AAF05}.Debug|iPhone.Build.0 = Debug|Any CPU
		{98A0DA63-DACF-4946-8C5E-8145D19AAF05}.Debug|iPhoneSimulator.ActiveCfg = Debug|Any CPU
		{98A0DA63-DACF-4946-8C5E-8145D19AAF05}.Debug|iPhoneSimulator.Build.0 = Debug|Any CPU
		{98A0DA63-DACF-4946-8C5E-8145D19AAF05}.Debug|x64.ActiveCfg = Debug|Any CPU
		{98A0DA63-DACF-4946-8C5E-8145D19AAF05}.Debug|x64.Build.0 = Debug|Any CPU
		{98A0DA63-DACF-4946-8C5E-8145D19AAF05}.Debug|x86.ActiveCfg = Debug|Any CPU
		{98A0DA63-DACF-4946-8C5E-8145D19AAF05}.Debug|x86.Build.0 = Debug|Any CPU
		{98A0DA63-DACF-4946-8C5E-8145D19AAF05}.Release|Any CPU.ActiveCfg = Release|Any CPU
		{98A0DA63-DACF-4946-8C5E-8145D19AAF05}.Release|Any CPU.Build.0 = Release|Any CPU
		{98A0DA63-DACF-4946-8C5E-8145D19AAF05}.Release|ARM.ActiveCfg = Release|Any CPU
		{98A0DA63-DACF-4946-8C5E-8145D19AAF05}.Release|ARM.Build.0 = Release|Any CPU
		{98A0DA63-DACF-4946-8C5E-8145D19AAF05}.Release|iPhone.ActiveCfg = Release|Any CPU
		{98A0DA63-DACF-4946-8C5E-8145D19AAF05}.Release|iPhone.Build.0 = Release|Any CPU
		{98A0DA63-DACF-4946-8C5E-8145D19AAF05}.Release|iPhoneSimulator.ActiveCfg = Release|Any CPU
		{98A0DA63-DACF-4946-8C5E-8145D19AAF05}.Release|iPhoneSimulator.Build.0 = Release|Any CPU
		{98A0DA63-DACF-4946-8C5E-8145D19AAF05}.Release|x64.ActiveCfg = Release|Any CPU
		{98A0DA63-DACF-4946-8C5E-8145D19AAF05}.Release|x64.Build.0 = Release|Any CPU
		{98A0DA63-DACF-4946-8C5E-8145D19AAF05}.Release|x86.ActiveCfg = Release|Any CPU
		{98A0DA63-DACF-4946-8C5E-8145D19AAF05}.Release|x86.Build.0 = Release|Any CPU
	EndGlobalSection
	GlobalSection(SolutionProperties) = preSolution
		HideSolutionNode = FALSE
	EndGlobalSection
EndGlobal
